// !$*UTF8*$!
{
	archiveVersion = 1;
	classes = {
	};
	objectVersion = 46;
	objects = {

/* Begin PBXBuildFile section */
		C7AE61B71A1BE54F00926C15 /* AUXLog.m in Sources */ = {isa = PBXBuildFile; fileRef = C7AE61B01A1BE54F00926C15 /* AUXLog.m */; };
		C7AE61B81A1BE54F00926C15 /* NSData+XHexString.m in Sources */ = {isa = PBXBuildFile; fileRef = C7AE61B21A1BE54F00926C15 /* NSData+XHexString.m */; };
		C7AE61B91A1BE54F00926C15 /* UIColor+XRGBHex.m in Sources */ = {isa = PBXBuildFile; fileRef = C7AE61B41A1BE54F00926C15 /* UIColor+XRGBHex.m */; };
		C7AE61BA1A1BE54F00926C15 /* UIImage+XColor.m in Sources */ = {isa = PBXBuildFile; fileRef = C7AE61B61A1BE54F00926C15 /* UIImage+XColor.m */; };
		C7BCE15118009BCD00D3F022 /* UIColorXRGBHexTest.m in Sources */ = {isa = PBXBuildFile; fileRef = C7BCE15018009BCD00D3F022 /* UIColorXRGBHexTest.m */; };
		C7BCE1571800AB6700D3F022 /* AUXLogTest.m in Sources */ = {isa = PBXBuildFile; fileRef = C7BCE1561800AB6700D3F022 /* AUXLogTest.m */; };
		C7BCE19B1800DBE100D3F022 /* NSDataXHexStringTest.m in Sources */ = {isa = PBXBuildFile; fileRef = C7BCE19A1800DBE100D3F022 /* NSDataXHexStringTest.m */; };
		C7F8676B180091470031B7A1 /* XCTest.framework in Frameworks */ = {isa = PBXBuildFile; fileRef = C7F8676A180091470031B7A1 /* XCTest.framework */; };
		C7F8676D180091470031B7A1 /* Foundation.framework in Frameworks */ = {isa = PBXBuildFile; fileRef = C7F8676C180091470031B7A1 /* Foundation.framework */; };
		C7F8676F180091470031B7A1 /* UIKit.framework in Frameworks */ = {isa = PBXBuildFile; fileRef = C7F8676E180091470031B7A1 /* UIKit.framework */; };
		C7FE97EA18510FE900BC7BCA /* UIImageXColorTest.m in Sources */ = {isa = PBXBuildFile; fileRef = C7FE97E918510FE900BC7BCA /* UIImageXColorTest.m */; };
/* End PBXBuildFile section */

/* Begin PBXFileReference section */
		C7AE61AF1A1BE54300926C15 /* AUXLog.h */ = {isa = PBXFileReference; fileEncoding = 4; lastKnownFileType = sourcecode.c.h; name = AUXLog.h; path = ../Sources/AUXLog.h; sourceTree = "<group>"; };
		C7AE61B01A1BE54F00926C15 /* AUXLog.m */ = {isa = PBXFileReference; fileEncoding = 4; lastKnownFileType = sourcecode.c.objc; name = AUXLog.m; path = ../Sources/AUXLog.m; sourceTree = "<group>"; };
		C7AE61B11A1BE54F00926C15 /* NSData+XHexString.h */ = {isa = PBXFileReference; fileEncoding = 4; lastKnownFileType = sourcecode.c.h; name = "NSData+XHexString.h"; path = "../Sources/NSData+XHexString.h"; sourceTree = "<group>"; };
		C7AE61B21A1BE54F00926C15 /* NSData+XHexString.m */ = {isa = PBXFileReference; fileEncoding = 4; lastKnownFileType = sourcecode.c.objc; name = "NSData+XHexString.m"; path = "../Sources/NSData+XHexString.m"; sourceTree = "<group>"; };
		C7AE61B31A1BE54F00926C15 /* UIColor+XRGBHex.h */ = {isa = PBXFileReference; fileEncoding = 4; lastKnownFileType = sourcecode.c.h; name = "UIColor+XRGBHex.h"; path = "../Sources/UIColor+XRGBHex.h"; sourceTree = "<group>"; };
		C7AE61B41A1BE54F00926C15 /* UIColor+XRGBHex.m */ = {isa = PBXFileReference; fileEncoding = 4; lastKnownFileType = sourcecode.c.objc; name = "UIColor+XRGBHex.m"; path = "../Sources/UIColor+XRGBHex.m"; sourceTree = "<group>"; };
		C7AE61B51A1BE54F00926C15 /* UIImage+XColor.h */ = {isa = PBXFileReference; fileEncoding = 4; lastKnownFileType = sourcecode.c.h; name = "UIImage+XColor.h"; path = "../Sources/UIImage+XColor.h"; sourceTree = "<group>"; };
		C7AE61B61A1BE54F00926C15 /* UIImage+XColor.m */ = {isa = PBXFileReference; fileEncoding = 4; lastKnownFileType = sourcecode.c.objc; name = "UIImage+XColor.m"; path = "../Sources/UIImage+XColor.m"; sourceTree = "<group>"; };
		C7BCE149180099C100D3F022 /* Info.plist */ = {isa = PBXFileReference; fileEncoding = 4; lastKnownFileType = text.plist.xml; name = Info.plist; path = Support/Info.plist; sourceTree = "<group>"; };
		C7BCE14A180099C100D3F022 /* Prefix.pch */ = {isa = PBXFileReference; fileEncoding = 4; lastKnownFileType = sourcecode.c.h; name = Prefix.pch; path = Support/Prefix.pch; sourceTree = "<group>"; };
		C7BCE15018009BCD00D3F022 /* UIColorXRGBHexTest.m */ = {isa = PBXFileReference; fileEncoding = 4; lastKnownFileType = sourcecode.c.objc; path = UIColorXRGBHexTest.m; sourceTree = "<group>"; };
		C7BCE1561800AB6700D3F022 /* AUXLogTest.m */ = {isa = PBXFileReference; fileEncoding = 4; lastKnownFileType = sourcecode.c.objc; name = AUXLogTest.m; path = ../../AUX/Tests/AUXLogTest.m; sourceTree = "<group>"; };
		C7BCE19A1800DBE100D3F022 /* NSDataXHexStringTest.m */ = {isa = PBXFileReference; fileEncoding = 4; lastKnownFileType = sourcecode.c.objc; name = NSDataXHexStringTest.m; path = ../../AUX/Tests/NSDataXHexStringTest.m; sourceTree = "<group>"; };
		C7F86767180091470031B7A1 /* Tests.xctest */ = {isa = PBXFileReference; explicitFileType = wrapper.cfbundle; includeInIndex = 0; path = Tests.xctest; sourceTree = BUILT_PRODUCTS_DIR; };
		C7F8676A180091470031B7A1 /* XCTest.framework */ = {isa = PBXFileReference; lastKnownFileType = wrapper.framework; name = XCTest.framework; path = Library/Frameworks/XCTest.framework; sourceTree = DEVELOPER_DIR; };
		C7F8676C180091470031B7A1 /* Foundation.framework */ = {isa = PBXFileReference; lastKnownFileType = wrapper.framework; name = Foundation.framework; path = Library/Frameworks/Foundation.framework; sourceTree = DEVELOPER_DIR; };
		C7F8676E180091470031B7A1 /* UIKit.framework */ = {isa = PBXFileReference; lastKnownFileType = wrapper.framework; name = UIKit.framework; path = Library/Frameworks/UIKit.framework; sourceTree = DEVELOPER_DIR; };
		C7FE97E918510FE900BC7BCA /* UIImageXColorTest.m */ = {isa = PBXFileReference; fileEncoding = 4; lastKnownFileType = sourcecode.c.objc; path = UIImageXColorTest.m; sourceTree = "<group>"; };
/* End PBXFileReference section */

/* Begin PBXFrameworksBuildPhase section */
		C7F86764180091470031B7A1 /* Frameworks */ = {
			isa = PBXFrameworksBuildPhase;
			buildActionMask = 2147483647;
			files = (
				C7F8676B180091470031B7A1 /* XCTest.framework in Frameworks */,
				C7F8676F180091470031B7A1 /* UIKit.framework in Frameworks */,
				C7F8676D180091470031B7A1 /* Foundation.framework in Frameworks */,
			);
			runOnlyForDeploymentPostprocessing = 0;
		};
/* End PBXFrameworksBuildPhase section */

/* Begin PBXGroup section */
		C7AE61AE1A1BE53200926C15 /* Sources */ = {
			isa = PBXGroup;
			children = (
				C7AE61AF1A1BE54300926C15 /* AUXLog.h */,
				C7AE61B01A1BE54F00926C15 /* AUXLog.m */,
				C7AE61B11A1BE54F00926C15 /* NSData+XHexString.h */,
				C7AE61B21A1BE54F00926C15 /* NSData+XHexString.m */,
				C7AE61B31A1BE54F00926C15 /* UIColor+XRGBHex.h */,
				C7AE61B41A1BE54F00926C15 /* UIColor+XRGBHex.m */,
				C7AE61B51A1BE54F00926C15 /* UIImage+XColor.h */,
				C7AE61B61A1BE54F00926C15 /* UIImage+XColor.m */,
			);
			name = Sources;
			path = ../Sources;
			sourceTree = SOURCE_ROOT;
		};
		C7BCE1411800999B00D3F022 /* Tests */ = {
			isa = PBXGroup;
			children = (
				C7BCE148180099B800D3F022 /* Support */,
				C7BCE19A1800DBE100D3F022 /* NSDataXHexStringTest.m */,
				C7FE97E918510FE900BC7BCA /* UIImageXColorTest.m */,
				C7BCE15018009BCD00D3F022 /* UIColorXRGBHexTest.m */,
				C7BCE1561800AB6700D3F022 /* AUXLogTest.m */,
			);
			name = Tests;
			sourceTree = SOURCE_ROOT;
		};
		C7BCE148180099B800D3F022 /* Support */ = {
			isa = PBXGroup;
			children = (
				C7BCE149180099C100D3F022 /* Info.plist */,
				C7BCE14A180099C100D3F022 /* Prefix.pch */,
			);
			name = Support;
			sourceTree = "<group>";
		};
		C7F8675C180091150031B7A1 = {
			isa = PBXGroup;
			children = (
				C7AE61AE1A1BE53200926C15 /* Sources */,
				C7BCE1411800999B00D3F022 /* Tests */,
				C7F86769180091470031B7A1 /* Frameworks */,
				C7F86768180091470031B7A1 /* Products */,
			);
			sourceTree = "<group>";
		};
		C7F86768180091470031B7A1 /* Products */ = {
			isa = PBXGroup;
			children = (
				C7F86767180091470031B7A1 /* Tests.xctest */,
			);
			name = Products;
			sourceTree = "<group>";
		};
		C7F86769180091470031B7A1 /* Frameworks */ = {
			isa = PBXGroup;
			children = (
				C7F8676A180091470031B7A1 /* XCTest.framework */,
				C7F8676C180091470031B7A1 /* Foundation.framework */,
				C7F8676E180091470031B7A1 /* UIKit.framework */,
			);
			name = Frameworks;
			sourceTree = "<group>";
		};
/* End PBXGroup section */

/* Begin PBXNativeTarget section */
		C7F86766180091470031B7A1 /* Tests */ = {
			isa = PBXNativeTarget;
			buildConfigurationList = C7F86779180091470031B7A1 /* Build configuration list for PBXNativeTarget "Tests" */;
			buildPhases = (
				C7F86763180091470031B7A1 /* Sources */,
				C7F86764180091470031B7A1 /* Frameworks */,
				C7F86765180091470031B7A1 /* Resources */,
			);
			buildRules = (
			);
			dependencies = (
			);
			name = Tests;
			productName = "AUX UIKit Test";
			productReference = C7F86767180091470031B7A1 /* Tests.xctest */;
			productType = "com.apple.product-type.bundle.unit-test";
		};
/* End PBXNativeTarget section */

/* Begin PBXProject section */
		C7F8675D180091150031B7A1 /* Project object */ = {
			isa = PBXProject;
			attributes = {
				LastUpgradeCheck = 0610;
			};
			buildConfigurationList = C7F86760180091150031B7A1 /* Build configuration list for PBXProject "AUX" */;
			compatibilityVersion = "Xcode 3.2";
			developmentRegion = English;
			hasScannedForEncodings = 0;
			knownRegions = (
				en,
			);
			mainGroup = C7F8675C180091150031B7A1;
			productRefGroup = C7F86768180091470031B7A1 /* Products */;
			projectDirPath = "";
			projectRoot = "";
			targets = (
				C7F86766180091470031B7A1 /* Tests */,
			);
		};
/* End PBXProject section */

/* Begin PBXResourcesBuildPhase section */
		C7F86765180091470031B7A1 /* Resources */ = {
			isa = PBXResourcesBuildPhase;
			buildActionMask = 2147483647;
			files = (
			);
			runOnlyForDeploymentPostprocessing = 0;
		};
/* End PBXResourcesBuildPhase section */

/* Begin PBXSourcesBuildPhase section */
		C7F86763180091470031B7A1 /* Sources */ = {
			isa = PBXSourcesBuildPhase;
			buildActionMask = 2147483647;
			files = (
				C7AE61B91A1BE54F00926C15 /* UIColor+XRGBHex.m in Sources */,
				C7AE61B81A1BE54F00926C15 /* NSData+XHexString.m in Sources */,
				C7BCE19B1800DBE100D3F022 /* NSDataXHexStringTest.m in Sources */,
				C7AE61B71A1BE54F00926C15 /* AUXLog.m in Sources */,
				C7FE97EA18510FE900BC7BCA /* UIImageXColorTest.m in Sources */,
				C7BCE1571800AB6700D3F022 /* AUXLogTest.m in Sources */,
				C7AE61BA1A1BE54F00926C15 /* UIImage+XColor.m in Sources */,
				C7BCE15118009BCD00D3F022 /* UIColorXRGBHexTest.m in Sources */,
			);
			runOnlyForDeploymentPostprocessing = 0;
		};
/* End PBXSourcesBuildPhase section */

/* Begin XCBuildConfiguration section */
		C7F86761180091150031B7A1 /* Debug */ = {
			isa = XCBuildConfiguration;
			buildSettings = {
				ONLY_ACTIVE_ARCH = YES;
			};
			name = Debug;
		};
		C7F86762180091150031B7A1 /* Release */ = {
			isa = XCBuildConfiguration;
			buildSettings = {
			};
			name = Release;
		};
		C7F8677A180091470031B7A1 /* Debug */ = {
			isa = XCBuildConfiguration;
			buildSettings = {
				ALWAYS_SEARCH_USER_PATHS = NO;
				CLANG_CXX_LANGUAGE_STANDARD = "gnu++0x";
				CLANG_CXX_LIBRARY = "libc++";
				CLANG_ENABLE_MODULES = YES;
				CLANG_ENABLE_OBJC_ARC = YES;
				CLANG_WARN_BOOL_CONVERSION = YES;
				CLANG_WARN_CONSTANT_CONVERSION = YES;
				CLANG_WARN_DIRECT_OBJC_ISA_USAGE = YES_ERROR;
				CLANG_WARN_EMPTY_BODY = YES;
				CLANG_WARN_ENUM_CONVERSION = YES;
				CLANG_WARN_INT_CONVERSION = YES;
				CLANG_WARN_OBJC_ROOT_CLASS = YES_ERROR;
				CLANG_WARN__DUPLICATE_METHOD_MATCH = YES;
				COPY_PHASE_STRIP = NO;
				FRAMEWORK_SEARCH_PATHS = (
					"$(SDKROOT)/Developer/Library/Frameworks",
					"$(inherited)",
					"$(DEVELOPER_FRAMEWORKS_DIR)",
				);
				GCC_C_LANGUAGE_STANDARD = gnu99;
				GCC_DYNAMIC_NO_PIC = NO;
				GCC_OPTIMIZATION_LEVEL = 0;
				GCC_PRECOMPILE_PREFIX_HEADER = YES;
				GCC_PREFIX_HEADER = Support/Prefix.pch;
				GCC_PREPROCESSOR_DEFINITIONS = (
					"DEBUG=1",
					"$(inherited)",
				);
				GCC_SYMBOLS_PRIVATE_EXTERN = NO;
				GCC_WARN_64_TO_32_BIT_CONVERSION = YES;
				GCC_WARN_ABOUT_RETURN_TYPE = YES_ERROR;
				GCC_WARN_UNDECLARED_SELECTOR = YES;
				GCC_WARN_UNINITIALIZED_AUTOS = YES;
				GCC_WARN_UNUSED_FUNCTION = YES;
				GCC_WARN_UNUSED_VARIABLE = YES;
				INFOPLIST_FILE = Support/Info.plist;
				IPHONEOS_DEPLOYMENT_TARGET = 7.0;
				ONLY_ACTIVE_ARCH = YES;
				PRODUCT_NAME = "$(TARGET_NAME)";
				SDKROOT = iphoneos;
				WRAPPER_EXTENSION = xctest;
			};
			name = Debug;
		};
		C7F8677B180091470031B7A1 /* Release */ = {
			isa = XCBuildConfiguration;
			buildSettings = {
				ALWAYS_SEARCH_USER_PATHS = NO;
				CLANG_CXX_LANGUAGE_STANDARD = "gnu++0x";
				CLANG_CXX_LIBRARY = "libc++";
				CLANG_ENABLE_MODULES = YES;
				CLANG_ENABLE_OBJC_ARC = YES;
				CLANG_WARN_BOOL_CONVERSION = YES;
				CLANG_WARN_CONSTANT_CONVERSION = YES;
				CLANG_WARN_DIRECT_OBJC_ISA_USAGE = YES_ERROR;
				CLANG_WARN_EMPTY_BODY = YES;
				CLANG_WARN_ENUM_CONVERSION = YES;
				CLANG_WARN_INT_CONVERSION = YES;
				CLANG_WARN_OBJC_ROOT_CLASS = YES_ERROR;
				CLANG_WARN__DUPLICATE_METHOD_MATCH = YES;
				COPY_PHASE_STRIP = YES;
				ENABLE_NS_ASSERTIONS = NO;
				FRAMEWORK_SEARCH_PATHS = (
					"$(SDKROOT)/Developer/Library/Frameworks",
					"$(inherited)",
					"$(DEVELOPER_FRAMEWORKS_DIR)",
				);
				GCC_C_LANGUAGE_STANDARD = gnu99;
				GCC_PRECOMPILE_PREFIX_HEADER = YES;
				GCC_PREFIX_HEADER = Support/Prefix.pch;
				GCC_WARN_64_TO_32_BIT_CONVERSION = YES;
				GCC_WARN_ABOUT_RETURN_TYPE = YES_ERROR;
				GCC_WARN_UNDECLARED_SELECTOR = YES;
				GCC_WARN_UNINITIALIZED_AUTOS = YES;
				GCC_WARN_UNUSED_FUNCTION = YES;
				GCC_WARN_UNUSED_VARIABLE = YES;
				INFOPLIST_FILE = Support/Info.plist;
				IPHONEOS_DEPLOYMENT_TARGET = 7.0;
				PRODUCT_NAME = "$(TARGET_NAME)";
				SDKROOT = iphoneos;
				VALIDATE_PRODUCT = YES;
				WRAPPER_EXTENSION = xctest;
			};
			name = Release;
		};
/* End XCBuildConfiguration section */

/* Begin XCConfigurationList section */
		C7F86760180091150031B7A1 /* Build configuration list for PBXProject "AUX" */ = {
			isa = XCConfigurationList;
			buildConfigurations = (
				C7F86761180091150031B7A1 /* Debug */,
				C7F86762180091150031B7A1 /* Release */,
			);
			defaultConfigurationIsVisible = 0;
			defaultConfigurationName = Release;
		};
		C7F86779180091470031B7A1 /* Build configuration list for PBXNativeTarget "Tests" */ = {
			isa = XCConfigurationList;
			buildConfigurations = (
				C7F8677A180091470031B7A1 /* Debug */,
				C7F8677B180091470031B7A1 /* Release */,
			);
			defaultConfigurationIsVisible = 0;
			defaultConfigurationName = Release;
		};
/* End XCConfigurationList section */
	};
	rootObject = C7F8675D180091150031B7A1 /* Project object */;
}
